
Microsoft Visual Studio Solution File, Format Version 12.00
# Visual Studio Version 17
VisualStudioVersion = 17.14.37614.0 d17.14
MinimumVisualStudioVersion = 10.0.40219.1
Project("{FAE04EC0-301F-11D3-BF4B-00C04F79EFBC}") = "Dive Deep", "Dive Deep\Dive Deep.csproj", "{7657FEAE-AC08-4ABA-A4A0-280AE67B3789}"
EndProject
Global
	GlobalSection(SolutionConfigurationPlatforms) = preSolution
		Debug|Any CPU = Debug|Any CPU
		Release|Any CPU = Release|Any CPU
	EndGlobalSection
	GlobalSection(ProjectConfigurationPlatforms) = postSolution
		{7657FEAE-AC08-4ABA-A4A0-280AE67B3789}.Debug|Any CPU.ActiveCfg = Debug|Any CPU
		{7657FEAE-AC08-4ABA-A4A0-280AE67B3789}.Debug|Any CPU.Build.0 = Debug|Any CPU
		{7657FEAE-AC08-4ABA-A4A0-280AE67B3789}.Release|Any CPU.ActiveCfg = Release|Any CPU
		{7657FEAE-AC08-4ABA-A4A0-280AE67B3789}.Release|Any CPU.Build.0 = Release|Any CPU
	EndGlobalSection
	GlobalSection(SolutionProperties) = preSolution
		HideSolutionNode = FALSE
	EndGlobalSection
	GlobalSection(ExtensibilityGlobals) = postSolution
		SolutionGuid = {99B89DF8-4C5A-4447-AB23-25A4DF078EAF}
	EndGlobalSection
EndGlobal
